
Microsoft Visual Studio Solution File, Format Version 12.00
# Visual Studio Version 16
VisualStudioVersion = 16.0.31624.102
MinimumVisualStudioVersion = 10.0.40219.1
Project("{FAE04EC0-301F-11D3-BF4B-00C04F79EFBC}") = "Quiz", "Quiz\Quiz.csproj", "{EDCC0C7D-BA0C-4633-846C-F736EA784A21}"
EndProject
Global
	GlobalSection(SolutionConfigurationPlatforms) = preSolution
		Debug|Any CPU = Debug|Any CPU
		Release|Any CPU = Release|Any CPU
	EndGlobalSection
	GlobalSection(ProjectConfigurationPlatforms) = postSolution
		{EDCC0C7D-BA0C-4633-846C-F736EA784A21}.Debug|Any CPU.ActiveCfg = Debug|Any CPU
		{EDCC0C7D-BA0C-4633-846C-F736EA784A21}.Debug|Any CPU.Build.0 = Debug|Any CPU
		{EDCC0C7D-BA0C-4633-846C-F736EA784A21}.Release|Any CPU.ActiveCfg = Release|Any CPU
		{EDCC0C7D-BA0C-4633-846C-F736EA784A21}.Release|Any CPU.Build.0 = Release|Any CPU
	EndGlobalSection
	GlobalSection(SolutionProperties) = preSolution
		HideSolutionNode = FALSE
	EndGlobalSection
	GlobalSection(ExtensibilityGlobals) = postSolution
		SolutionGuid = {4FA4B75E-8EEC-4ACB-931E-5CFF679DFB06}
	EndGlobalSection
EndGlobal
